
Microsoft Visual Studio Solution File, Format Version 12.00
# Visual Studio Version 17
VisualStudioVersion = 17.5.002.0
MinimumVisualStudioVersion = 10.0.40219.1
Project("{9A19103F-16F7-4668-BE54-9A1E7A4F7556}") = "01.NumbersFrom1To100", "01.NumbersFrom1To100\01.NumbersFrom1To100.csproj", "{B3B559E2-B85B-436B-A208-AC1E4E1E6008}"
EndProject
Project("{FAE04EC0-301F-11D3-BF4B-00C04F79EFBC}") = "02.NumbersNto1", "02.NumbersNto1\02.NumbersNto1.csproj", "{16E2C234-87E0-4FD7-9A0E-D2B7EA78BAA6}"
EndProject
Project("{FAE04EC0-301F-11D3-BF4B-00C04F79EFBC}") = "03.Numbers1ToNwithStep3", "03.Numbers1ToNwithStep3\03.Numbers1ToNwithStep3.csproj", "{DED45291-7826-4537-A86E-F8F5DA39CF53}"
EndProject
Project("{FAE04EC0-301F-11D3-BF4B-00C04F79EFBC}") = "04.EvenPowersof2", "04.EvenPowersof2\04.EvenPowersof2.csproj", "{AC2CE19C-7334-4B51-AE6D-EFCB1B5CBF75}"
EndProject
Global
	GlobalSection(SolutionConfigurationPlatforms) = preSolution
		Debug|Any CPU = Debug|Any CPU
		Release|Any CPU = Release|Any CPU
	EndGlobalSection
	GlobalSection(ProjectConfigurationPlatforms) = postSolution
		{B3B559E2-B85B-436B-A208-AC1E4E1E6008}.Debug|Any CPU.ActiveCfg = Debug|Any CPU
		{B3B559E2-B85B-436B-A208-AC1E4E1E6008}.Debug|Any CPU.Build.0 = Debug|Any CPU
		{B3B559E2-B85B-436B-A208-AC1E4E1E6008}.Release|Any CPU.ActiveCfg = Release|Any CPU
		{B3B559E2-B85B-436B-A208-AC1E4E1E6008}.Release|Any CPU.Build.0 = Release|Any CPU
		{16E2C234-87E0-4FD7-9A0E-D2B7EA78BAA6}.Debug|Any CPU.ActiveCfg = Debug|Any CPU
		{16E2C234-87E0-4FD7-9A0E-D2B7EA78BAA6}.Debug|Any CPU.Build.0 = Debug|Any CPU
		{16E2C234-87E0-4FD7-9A0E-D2B7EA78BAA6}.Release|Any CPU.ActiveCfg = Release|Any CPU
		{16E2C234-87E0-4FD7-9A0E-D2B7EA78BAA6}.Release|Any CPU.Build.0 = Release|Any CPU
		{DED45291-7826-4537-A86E-F8F5DA39CF53}.Debug|Any CPU.ActiveCfg = Debug|Any CPU
		{DED45291-7826-4537-A86E-F8F5DA39CF53}.Debug|Any CPU.Build.0 = Debug|Any CPU
		{DED45291-7826-4537-A86E-F8F5DA39CF53}.Release|Any CPU.ActiveCfg = Release|Any CPU
		{DED45291-7826-4537-A86E-F8F5DA39CF53}.Release|Any CPU.Build.0 = Release|Any CPU
		{AC2CE19C-7334-4B51-AE6D-EFCB1B5CBF75}.Debug|Any CPU.ActiveCfg = Debug|Any CPU
		{AC2CE19C-7334-4B51-AE6D-EFCB1B5CBF75}.Debug|Any CPU.Build.0 = Debug|Any CPU
		{AC2CE19C-7334-4B51-AE6D-EFCB1B5CBF75}.Release|Any CPU.ActiveCfg = Release|Any CPU
		{AC2CE19C-7334-4B51-AE6D-EFCB1B5CBF75}.Release|Any CPU.Build.0 = Release|Any CPU
	EndGlobalSection
	GlobalSection(SolutionProperties) = preSolution
		HideSolutionNode = FALSE
	EndGlobalSection
	GlobalSection(ExtensibilityGlobals) = postSolution
		SolutionGuid = {77E2CCF9-42EA-4B8F-B7CB-3CC2DA44E5E8}
	EndGlobalSection
EndGlobal
