
Microsoft Visual Studio Solution File, Format Version 12.00
# Visual Studio Version 17
VisualStudioVersion = 17.5.33414.496
MinimumVisualStudioVersion = 10.0.40219.1
Project("{9A19103F-16F7-4668-BE54-9A1E7A4F7556}") = "01.TrapeziodArea", "01.TrapeziodArea\01.TrapeziodArea.csproj", "{F2845245-03F7-4349-97B8-040C156E825B}"
EndProject
Project("{9A19103F-16F7-4668-BE54-9A1E7A4F7556}") = "02.TriangleArea", "02.TriangleArea\02.TriangleArea.csproj", "{C4AAAC26-D0E1-431B-947E-A8767540FDCD}"
EndProject
Project("{9A19103F-16F7-4668-BE54-9A1E7A4F7556}") = "03.CelsiusToFahrenheit", "03.CelsiusToFahrenheit\03.CelsiusToFahrenheit.csproj", "{188F307A-5289-4168-BCB0-062110412188}"
EndProject
Project("{9A19103F-16F7-4668-BE54-9A1E7A4F7556}") = "04.VegetableMarket", "04.VegetableMarket\04.VegetableMarket.csproj", "{FB309401-A3C2-4298-ABA5-5EE3D9604515}"
EndProject
Project("{FAE04EC0-301F-11D3-BF4B-00C04F79EFBC}") = "05.TrainingLab", "05.TrainingLab\05.TrainingLab.csproj", "{12624CEB-C80A-4803-9ED8-3C64111E231C}"
EndProject
Global
	GlobalSection(SolutionConfigurationPlatforms) = preSolution
		Debug|Any CPU = Debug|Any CPU
		Release|Any CPU = Release|Any CPU
	EndGlobalSection
	GlobalSection(ProjectConfigurationPlatforms) = postSolution
		{F2845245-03F7-4349-97B8-040C156E825B}.Debug|Any CPU.ActiveCfg = Debug|Any CPU
		{F2845245-03F7-4349-97B8-040C156E825B}.Debug|Any CPU.Build.0 = Debug|Any CPU
		{F2845245-03F7-4349-97B8-040C156E825B}.Release|Any CPU.ActiveCfg = Release|Any CPU
		{F2845245-03F7-4349-97B8-040C156E825B}.Release|Any CPU.Build.0 = Release|Any CPU
		{C4AAAC26-D0E1-431B-947E-A8767540FDCD}.Debug|Any CPU.ActiveCfg = Debug|Any CPU
		{C4AAAC26-D0E1-431B-947E-A8767540FDCD}.Debug|Any CPU.Build.0 = Debug|Any CPU
		{C4AAAC26-D0E1-431B-947E-A8767540FDCD}.Release|Any CPU.ActiveCfg = Release|Any CPU
		{C4AAAC26-D0E1-431B-947E-A8767540FDCD}.Release|Any CPU.Build.0 = Release|Any CPU
		{188F307A-5289-4168-BCB0-062110412188}.Debug|Any CPU.ActiveCfg = Debug|Any CPU
		{188F307A-5289-4168-BCB0-062110412188}.Debug|Any CPU.Build.0 = Debug|Any CPU
		{188F307A-5289-4168-BCB0-062110412188}.Release|Any CPU.ActiveCfg = Release|Any CPU
		{188F307A-5289-4168-BCB0-062110412188}.Release|Any CPU.Build.0 = Release|Any CPU
		{FB309401-A3C2-4298-ABA5-5EE3D9604515}.Debug|Any CPU.ActiveCfg = Debug|Any CPU
		{FB309401-A3C2-4298-ABA5-5EE3D9604515}.Debug|Any CPU.Build.0 = Debug|Any CPU
		{FB309401-A3C2-4298-ABA5-5EE3D9604515}.Release|Any CPU.ActiveCfg = Release|Any CPU
		{FB309401-A3C2-4298-ABA5-5EE3D9604515}.Release|Any CPU.Build.0 = Release|Any CPU
		{12624CEB-C80A-4803-9ED8-3C64111E231C}.Debug|Any CPU.ActiveCfg = Debug|Any CPU
		{12624CEB-C80A-4803-9ED8-3C64111E231C}.Debug|Any CPU.Build.0 = Debug|Any CPU
		{12624CEB-C80A-4803-9ED8-3C64111E231C}.Release|Any CPU.ActiveCfg = Release|Any CPU
		{12624CEB-C80A-4803-9ED8-3C64111E231C}.Release|Any CPU.Build.0 = Release|Any CPU
	EndGlobalSection
	GlobalSection(SolutionProperties) = preSolution
		HideSolutionNode = FALSE
	EndGlobalSection
	GlobalSection(ExtensibilityGlobals) = postSolution
		SolutionGuid = {7AF87974-A47E-49B8-9035-BD2BBFB53033}
	EndGlobalSection
EndGlobal
