
Microsoft Visual Studio Solution File, Format Version 12.00
# Visual Studio Version 17
VisualStudioVersion = 17.5.33414.496
MinimumVisualStudioVersion = 10.0.40219.1
Project("{FAE04EC0-301F-11D3-BF4B-00C04F79EFBC}") = "01.SumSeconds", "01.SumSeconds\01.SumSeconds.csproj", "{07D26CDA-795A-4123-887C-85C928078585}"
EndProject
Global
	GlobalSection(SolutionConfigurationPlatforms) = preSolution
		Debug|Any CPU = Debug|Any CPU
		Release|Any CPU = Release|Any CPU
	EndGlobalSection
	GlobalSection(ProjectConfigurationPlatforms) = postSolution
		{07D26CDA-795A-4123-887C-85C928078585}.Debug|Any CPU.ActiveCfg = Debug|Any CPU
		{07D26CDA-795A-4123-887C-85C928078585}.Debug|Any CPU.Build.0 = Debug|Any CPU
		{07D26CDA-795A-4123-887C-85C928078585}.Release|Any CPU.ActiveCfg = Release|Any CPU
		{07D26CDA-795A-4123-887C-85C928078585}.Release|Any CPU.Build.0 = Release|Any CPU
	EndGlobalSection
	GlobalSection(SolutionProperties) = preSolution
		HideSolutionNode = FALSE
	EndGlobalSection
	GlobalSection(ExtensibilityGlobals) = postSolution
		SolutionGuid = {7719A027-2817-4551-9EED-158974ADB74E}
	EndGlobalSection
EndGlobal
