
Microsoft Visual Studio Solution File, Format Version 12.00
# Visual Studio Version 17
VisualStudioVersion = 17.5.33414.496
MinimumVisualStudioVersion = 10.0.40219.1
Project("{9A19103F-16F7-4668-BE54-9A1E7A4F7556}") = "01.SumSeconds", "01.SumSeconds\01.SumSeconds.csproj", "{07D26CDA-795A-4123-887C-85C928078585}"
EndProject
Project("{9A19103F-16F7-4668-BE54-9A1E7A4F7556}") = "02.BonusScore", "02.BonusScore\02.BonusScore.csproj", "{D2872F82-403E-41BD-93CF-501072B7AE2E}"
EndProject
Project("{9A19103F-16F7-4668-BE54-9A1E7A4F7556}") = "03.TimeAnd15Minutes", "03.TimeAnd15Minutes\03.TimeAnd15Minutes.csproj", "{A450FC29-1A94-4A2E-A245-48C194F59E17}"
EndProject
Project("{9A19103F-16F7-4668-BE54-9A1E7A4F7556}") = "04.ToyShop", "04.ToyShop\04.ToyShop.csproj", "{3873CD83-5BC6-4485-8252-0D7D376E4DC7}"
EndProject
Project("{9A19103F-16F7-4668-BE54-9A1E7A4F7556}") = "05.GodzillaVsKong", "05.GodzillaVsKong\05.GodzillaVsKong.csproj", "{917DF65D-445E-4891-AC16-03FBD1AD0B12}"
EndProject
Project("{9A19103F-16F7-4668-BE54-9A1E7A4F7556}") = "06.WorldSwimmingRecord", "06.WorldSwimmingRecord\06.WorldSwimmingRecord.csproj", "{E3B5B401-6215-47FE-9C2D-E68798ECC27C}"
EndProject
Project("{9A19103F-16F7-4668-BE54-9A1E7A4F7556}") = "07.Shopping", "07.Shopping\07.Shopping.csproj", "{31AEF2F1-CD6D-4739-AA02-D31933E249EE}"
EndProject
Project("{FAE04EC0-301F-11D3-BF4B-00C04F79EFBC}") = "08.LunchBreak", "08.LunchBreak\08.LunchBreak.csproj", "{C44E3657-E74C-4628-A8F5-BCAD9F554EF9}"
EndProject
Global
	GlobalSection(SolutionConfigurationPlatforms) = preSolution
		Debug|Any CPU = Debug|Any CPU
		Release|Any CPU = Release|Any CPU
	EndGlobalSection
	GlobalSection(ProjectConfigurationPlatforms) = postSolution
		{07D26CDA-795A-4123-887C-85C928078585}.Debug|Any CPU.ActiveCfg = Debug|Any CPU
		{07D26CDA-795A-4123-887C-85C928078585}.Debug|Any CPU.Build.0 = Debug|Any CPU
		{07D26CDA-795A-4123-887C-85C928078585}.Release|Any CPU.ActiveCfg = Release|Any CPU
		{07D26CDA-795A-4123-887C-85C928078585}.Release|Any CPU.Build.0 = Release|Any CPU
		{D2872F82-403E-41BD-93CF-501072B7AE2E}.Debug|Any CPU.ActiveCfg = Debug|Any CPU
		{D2872F82-403E-41BD-93CF-501072B7AE2E}.Debug|Any CPU.Build.0 = Debug|Any CPU
		{D2872F82-403E-41BD-93CF-501072B7AE2E}.Release|Any CPU.ActiveCfg = Release|Any CPU
		{D2872F82-403E-41BD-93CF-501072B7AE2E}.Release|Any CPU.Build.0 = Release|Any CPU
		{A450FC29-1A94-4A2E-A245-48C194F59E17}.Debug|Any CPU.ActiveCfg = Debug|Any CPU
		{A450FC29-1A94-4A2E-A245-48C194F59E17}.Debug|Any CPU.Build.0 = Debug|Any CPU
		{A450FC29-1A94-4A2E-A245-48C194F59E17}.Release|Any CPU.ActiveCfg = Release|Any CPU
		{A450FC29-1A94-4A2E-A245-48C194F59E17}.Release|Any CPU.Build.0 = Release|Any CPU
		{3873CD83-5BC6-4485-8252-0D7D376E4DC7}.Debug|Any CPU.ActiveCfg = Debug|Any CPU
		{3873CD83-5BC6-4485-8252-0D7D376E4DC7}.Debug|Any CPU.Build.0 = Debug|Any CPU
		{3873CD83-5BC6-4485-8252-0D7D376E4DC7}.Release|Any CPU.ActiveCfg = Release|Any CPU
		{3873CD83-5BC6-4485-8252-0D7D376E4DC7}.Release|Any CPU.Build.0 = Release|Any CPU
		{917DF65D-445E-4891-AC16-03FBD1AD0B12}.Debug|Any CPU.ActiveCfg = Debug|Any CPU
		{917DF65D-445E-4891-AC16-03FBD1AD0B12}.Debug|Any CPU.Build.0 = Debug|Any CPU
		{917DF65D-445E-4891-AC16-03FBD1AD0B12}.Release|Any CPU.ActiveCfg = Release|Any CPU
		{917DF65D-445E-4891-AC16-03FBD1AD0B12}.Release|Any CPU.Build.0 = Release|Any CPU
		{E3B5B401-6215-47FE-9C2D-E68798ECC27C}.Debug|Any CPU.ActiveCfg = Debug|Any CPU
		{E3B5B401-6215-47FE-9C2D-E68798ECC27C}.Debug|Any CPU.Build.0 = Debug|Any CPU
		{E3B5B401-6215-47FE-9C2D-E68798ECC27C}.Release|Any CPU.ActiveCfg = Release|Any CPU
		{E3B5B401-6215-47FE-9C2D-E68798ECC27C}.Release|Any CPU.Build.0 = Release|Any CPU
		{31AEF2F1-CD6D-4739-AA02-D31933E249EE}.Debug|Any CPU.ActiveCfg = Debug|Any CPU
		{31AEF2F1-CD6D-4739-AA02-D31933E249EE}.Debug|Any CPU.Build.0 = Debug|Any CPU
		{31AEF2F1-CD6D-4739-AA02-D31933E249EE}.Release|Any CPU.ActiveCfg = Release|Any CPU
		{31AEF2F1-CD6D-4739-AA02-D31933E249EE}.Release|Any CPU.Build.0 = Release|Any CPU
		{C44E3657-E74C-4628-A8F5-BCAD9F554EF9}.Debug|Any CPU.ActiveCfg = Debug|Any CPU
		{C44E3657-E74C-4628-A8F5-BCAD9F554EF9}.Debug|Any CPU.Build.0 = Debug|Any CPU
		{C44E3657-E74C-4628-A8F5-BCAD9F554EF9}.Release|Any CPU.ActiveCfg = Release|Any CPU
		{C44E3657-E74C-4628-A8F5-BCAD9F554EF9}.Release|Any CPU.Build.0 = Release|Any CPU
	EndGlobalSection
	GlobalSection(SolutionProperties) = preSolution
		HideSolutionNode = FALSE
	EndGlobalSection
	GlobalSection(ExtensibilityGlobals) = postSolution
		SolutionGuid = {7719A027-2817-4551-9EED-158974ADB74E}
	EndGlobalSection
EndGlobal
