
Microsoft Visual Studio Solution File, Format Version 12.00
# Visual Studio Version 17
VisualStudioVersion = 17.8.34316.72
MinimumVisualStudioVersion = 10.0.40219.1
Project("{9A19103F-16F7-4668-BE54-9A1E7A4F7556}") = "01.DayOfWeek", "01.DayOfWeek\01.DayOfWeek.csproj", "{BD916511-7896-4AC9-B429-D1DFB6C976E7}"
EndProject
Project("{9A19103F-16F7-4668-BE54-9A1E7A4F7556}") = "02.WeekendOrWorkDay", "02.WeekendorWorkDay\02.WeekendOrWorkDay.csproj", "{02EECFCF-49A4-448F-8A7D-317DBEF8515D}"
EndProject
Project("{9A19103F-16F7-4668-BE54-9A1E7A4F7556}") = "03.AnimalType", "03.AnimalType\03.AnimalType.csproj", "{BC3A19D6-4C18-4D3A-8A28-DADCB1465956}"
EndProject
Project("{9A19103F-16F7-4668-BE54-9A1E7A4F7556}") = "04.PersonalTitles", "04.PersonalTitles\04.PersonalTitles.csproj", "{93517FA2-630C-466D-A5BA-B555D01F7A3A}"
EndProject
Project("{9A19103F-16F7-4668-BE54-9A1E7A4F7556}") = "05.SmallShop", "05.SmallShop\05.SmallShop.csproj", "{BA70AFF6-B475-4D1B-8920-45CD7FEBE847}"
EndProject
Project("{9A19103F-16F7-4668-BE54-9A1E7A4F7556}") = "06.NumberInRange", "06.NumberInRange\06.NumberInRange.csproj", "{7FBE2A0C-F886-4A29-A4D1-DF8CFFFB0FEB}"
EndProject
Project("{9A19103F-16F7-4668-BE54-9A1E7A4F7556}") = "07.WorkingHours", "07.WorkingHours\07.WorkingHours.csproj", "{79C512AA-4C45-437D-9890-C0B3DF719CCC}"
EndProject
Project("{9A19103F-16F7-4668-BE54-9A1E7A4F7556}") = "08.CinemaTicket", "08.CinemaTicket\08.CinemaTicket.csproj", "{6E8D880B-F8B1-4286-92DF-8DBD1BAAEE12}"
EndProject
Project("{FAE04EC0-301F-11D3-BF4B-00C04F79EFBC}") = "09.FruitOrVegetable", "09.FruitOrVegetable\09.FruitOrVegetable.csproj", "{6D48DC03-991E-4957-98AD-8F3ED7F9D2DB}"
EndProject
Global
	GlobalSection(SolutionConfigurationPlatforms) = preSolution
		Debug|Any CPU = Debug|Any CPU
		Release|Any CPU = Release|Any CPU
	EndGlobalSection
	GlobalSection(ProjectConfigurationPlatforms) = postSolution
		{BD916511-7896-4AC9-B429-D1DFB6C976E7}.Debug|Any CPU.ActiveCfg = Debug|Any CPU
		{BD916511-7896-4AC9-B429-D1DFB6C976E7}.Debug|Any CPU.Build.0 = Debug|Any CPU
		{BD916511-7896-4AC9-B429-D1DFB6C976E7}.Release|Any CPU.ActiveCfg = Release|Any CPU
		{BD916511-7896-4AC9-B429-D1DFB6C976E7}.Release|Any CPU.Build.0 = Release|Any CPU
		{02EECFCF-49A4-448F-8A7D-317DBEF8515D}.Debug|Any CPU.ActiveCfg = Debug|Any CPU
		{02EECFCF-49A4-448F-8A7D-317DBEF8515D}.Debug|Any CPU.Build.0 = Debug|Any CPU
		{02EECFCF-49A4-448F-8A7D-317DBEF8515D}.Release|Any CPU.ActiveCfg = Release|Any CPU
		{02EECFCF-49A4-448F-8A7D-317DBEF8515D}.Release|Any CPU.Build.0 = Release|Any CPU
		{BC3A19D6-4C18-4D3A-8A28-DADCB1465956}.Debug|Any CPU.ActiveCfg = Debug|Any CPU
		{BC3A19D6-4C18-4D3A-8A28-DADCB1465956}.Debug|Any CPU.Build.0 = Debug|Any CPU
		{BC3A19D6-4C18-4D3A-8A28-DADCB1465956}.Release|Any CPU.ActiveCfg = Release|Any CPU
		{BC3A19D6-4C18-4D3A-8A28-DADCB1465956}.Release|Any CPU.Build.0 = Release|Any CPU
		{93517FA2-630C-466D-A5BA-B555D01F7A3A}.Debug|Any CPU.ActiveCfg = Debug|Any CPU
		{93517FA2-630C-466D-A5BA-B555D01F7A3A}.Debug|Any CPU.Build.0 = Debug|Any CPU
		{93517FA2-630C-466D-A5BA-B555D01F7A3A}.Release|Any CPU.ActiveCfg = Release|Any CPU
		{93517FA2-630C-466D-A5BA-B555D01F7A3A}.Release|Any CPU.Build.0 = Release|Any CPU
		{BA70AFF6-B475-4D1B-8920-45CD7FEBE847}.Debug|Any CPU.ActiveCfg = Debug|Any CPU
		{BA70AFF6-B475-4D1B-8920-45CD7FEBE847}.Debug|Any CPU.Build.0 = Debug|Any CPU
		{BA70AFF6-B475-4D1B-8920-45CD7FEBE847}.Release|Any CPU.ActiveCfg = Release|Any CPU
		{BA70AFF6-B475-4D1B-8920-45CD7FEBE847}.Release|Any CPU.Build.0 = Release|Any CPU
		{7FBE2A0C-F886-4A29-A4D1-DF8CFFFB0FEB}.Debug|Any CPU.ActiveCfg = Debug|Any CPU
		{7FBE2A0C-F886-4A29-A4D1-DF8CFFFB0FEB}.Debug|Any CPU.Build.0 = Debug|Any CPU
		{7FBE2A0C-F886-4A29-A4D1-DF8CFFFB0FEB}.Release|Any CPU.ActiveCfg = Release|Any CPU
		{7FBE2A0C-F886-4A29-A4D1-DF8CFFFB0FEB}.Release|Any CPU.Build.0 = Release|Any CPU
		{79C512AA-4C45-437D-9890-C0B3DF719CCC}.Debug|Any CPU.ActiveCfg = Debug|Any CPU
		{79C512AA-4C45-437D-9890-C0B3DF719CCC}.Debug|Any CPU.Build.0 = Debug|Any CPU
		{79C512AA-4C45-437D-9890-C0B3DF719CCC}.Release|Any CPU.ActiveCfg = Release|Any CPU
		{79C512AA-4C45-437D-9890-C0B3DF719CCC}.Release|Any CPU.Build.0 = Release|Any CPU
		{6E8D880B-F8B1-4286-92DF-8DBD1BAAEE12}.Debug|Any CPU.ActiveCfg = Debug|Any CPU
		{6E8D880B-F8B1-4286-92DF-8DBD1BAAEE12}.Debug|Any CPU.Build.0 = Debug|Any CPU
		{6E8D880B-F8B1-4286-92DF-8DBD1BAAEE12}.Release|Any CPU.ActiveCfg = Release|Any CPU
		{6E8D880B-F8B1-4286-92DF-8DBD1BAAEE12}.Release|Any CPU.Build.0 = Release|Any CPU
		{6D48DC03-991E-4957-98AD-8F3ED7F9D2DB}.Debug|Any CPU.ActiveCfg = Debug|Any CPU
		{6D48DC03-991E-4957-98AD-8F3ED7F9D2DB}.Debug|Any CPU.Build.0 = Debug|Any CPU
		{6D48DC03-991E-4957-98AD-8F3ED7F9D2DB}.Release|Any CPU.ActiveCfg = Release|Any CPU
		{6D48DC03-991E-4957-98AD-8F3ED7F9D2DB}.Release|Any CPU.Build.0 = Release|Any CPU
	EndGlobalSection
	GlobalSection(SolutionProperties) = preSolution
		HideSolutionNode = FALSE
	EndGlobalSection
	GlobalSection(ExtensibilityGlobals) = postSolution
		SolutionGuid = {A4A8C362-05C9-4109-8A24-80D650B150FF}
	EndGlobalSection
EndGlobal
