
Microsoft Visual Studio Solution File, Format Version 12.00
# Visual Studio Version 17
VisualStudioVersion = 17.8.34316.72
MinimumVisualStudioVersion = 10.0.40219.1
Project("{9A19103F-16F7-4668-BE54-9A1E7A4F7556}") = "01.DayOfWeek", "01.DayOfWeek\01.DayOfWeek.csproj", "{BD916511-7896-4AC9-B429-D1DFB6C976E7}"
EndProject
Project("{FAE04EC0-301F-11D3-BF4B-00C04F79EFBC}") = "02.WeekendOrWorkDay", "02.WeekendorWorkDay\02.WeekendOrWorkDay.csproj", "{02EECFCF-49A4-448F-8A7D-317DBEF8515D}"
EndProject
Project("{FAE04EC0-301F-11D3-BF4B-00C04F79EFBC}") = "03.AnimalType", "03.AnimalType\03.AnimalType.csproj", "{BC3A19D6-4C18-4D3A-8A28-DADCB1465956}"
EndProject
Global
	GlobalSection(SolutionConfigurationPlatforms) = preSolution
		Debug|Any CPU = Debug|Any CPU
		Release|Any CPU = Release|Any CPU
	EndGlobalSection
	GlobalSection(ProjectConfigurationPlatforms) = postSolution
		{BD916511-7896-4AC9-B429-D1DFB6C976E7}.Debug|Any CPU.ActiveCfg = Debug|Any CPU
		{BD916511-7896-4AC9-B429-D1DFB6C976E7}.Debug|Any CPU.Build.0 = Debug|Any CPU
		{BD916511-7896-4AC9-B429-D1DFB6C976E7}.Release|Any CPU.ActiveCfg = Release|Any CPU
		{BD916511-7896-4AC9-B429-D1DFB6C976E7}.Release|Any CPU.Build.0 = Release|Any CPU
		{02EECFCF-49A4-448F-8A7D-317DBEF8515D}.Debug|Any CPU.ActiveCfg = Debug|Any CPU
		{02EECFCF-49A4-448F-8A7D-317DBEF8515D}.Debug|Any CPU.Build.0 = Debug|Any CPU
		{02EECFCF-49A4-448F-8A7D-317DBEF8515D}.Release|Any CPU.ActiveCfg = Release|Any CPU
		{02EECFCF-49A4-448F-8A7D-317DBEF8515D}.Release|Any CPU.Build.0 = Release|Any CPU
		{BC3A19D6-4C18-4D3A-8A28-DADCB1465956}.Debug|Any CPU.ActiveCfg = Debug|Any CPU
		{BC3A19D6-4C18-4D3A-8A28-DADCB1465956}.Debug|Any CPU.Build.0 = Debug|Any CPU
		{BC3A19D6-4C18-4D3A-8A28-DADCB1465956}.Release|Any CPU.ActiveCfg = Release|Any CPU
		{BC3A19D6-4C18-4D3A-8A28-DADCB1465956}.Release|Any CPU.Build.0 = Release|Any CPU
	EndGlobalSection
	GlobalSection(SolutionProperties) = preSolution
		HideSolutionNode = FALSE
	EndGlobalSection
	GlobalSection(ExtensibilityGlobals) = postSolution
		SolutionGuid = {A4A8C362-05C9-4109-8A24-80D650B150FF}
	EndGlobalSection
EndGlobal
