
Microsoft Visual Studio Solution File, Format Version 12.00
# Visual Studio Version 17
VisualStudioVersion = 17.8.34316.72
MinimumVisualStudioVersion = 10.0.40219.1
Project("{9A19103F-16F7-4668-BE54-9A1E7A4F7556}") = "01.Cinema", "01.Cinema\01.Cinema.csproj", "{D12EEC40-E321-421D-9353-870D34B0DEF9}"
EndProject
Project("{9A19103F-16F7-4668-BE54-9A1E7A4F7556}") = "02.Outfit", "02.Outfit\02.Outfit.csproj", "{1E6BAA9A-D557-4C04-8D10-D84BC1E2A578}"
EndProject
Project("{9A19103F-16F7-4668-BE54-9A1E7A4F7556}") = "03.", "03\03..csproj", "{D11A5202-E8FB-45CA-BF9F-47518A2F6CBA}"
EndProject
Project("{9A19103F-16F7-4668-BE54-9A1E7A4F7556}") = "04.", "04\04..csproj", "{829EBCF3-A402-4BB7-B19C-6B891D1B3826}"
EndProject
Project("{FAE04EC0-301F-11D3-BF4B-00C04F79EFBC}") = "05", "05\05.csproj", "{48FA1036-A484-4298-B517-13E1D0AE006C}"
EndProject
Global
	GlobalSection(SolutionConfigurationPlatforms) = preSolution
		Debug|Any CPU = Debug|Any CPU
		Release|Any CPU = Release|Any CPU
	EndGlobalSection
	GlobalSection(ProjectConfigurationPlatforms) = postSolution
		{D12EEC40-E321-421D-9353-870D34B0DEF9}.Debug|Any CPU.ActiveCfg = Debug|Any CPU
		{D12EEC40-E321-421D-9353-870D34B0DEF9}.Debug|Any CPU.Build.0 = Debug|Any CPU
		{D12EEC40-E321-421D-9353-870D34B0DEF9}.Release|Any CPU.ActiveCfg = Release|Any CPU
		{D12EEC40-E321-421D-9353-870D34B0DEF9}.Release|Any CPU.Build.0 = Release|Any CPU
		{1E6BAA9A-D557-4C04-8D10-D84BC1E2A578}.Debug|Any CPU.ActiveCfg = Debug|Any CPU
		{1E6BAA9A-D557-4C04-8D10-D84BC1E2A578}.Debug|Any CPU.Build.0 = Debug|Any CPU
		{1E6BAA9A-D557-4C04-8D10-D84BC1E2A578}.Release|Any CPU.ActiveCfg = Release|Any CPU
		{1E6BAA9A-D557-4C04-8D10-D84BC1E2A578}.Release|Any CPU.Build.0 = Release|Any CPU
		{D11A5202-E8FB-45CA-BF9F-47518A2F6CBA}.Debug|Any CPU.ActiveCfg = Debug|Any CPU
		{D11A5202-E8FB-45CA-BF9F-47518A2F6CBA}.Debug|Any CPU.Build.0 = Debug|Any CPU
		{D11A5202-E8FB-45CA-BF9F-47518A2F6CBA}.Release|Any CPU.ActiveCfg = Release|Any CPU
		{D11A5202-E8FB-45CA-BF9F-47518A2F6CBA}.Release|Any CPU.Build.0 = Release|Any CPU
		{829EBCF3-A402-4BB7-B19C-6B891D1B3826}.Debug|Any CPU.ActiveCfg = Debug|Any CPU
		{829EBCF3-A402-4BB7-B19C-6B891D1B3826}.Debug|Any CPU.Build.0 = Debug|Any CPU
		{829EBCF3-A402-4BB7-B19C-6B891D1B3826}.Release|Any CPU.ActiveCfg = Release|Any CPU
		{829EBCF3-A402-4BB7-B19C-6B891D1B3826}.Release|Any CPU.Build.0 = Release|Any CPU
		{48FA1036-A484-4298-B517-13E1D0AE006C}.Debug|Any CPU.ActiveCfg = Debug|Any CPU
		{48FA1036-A484-4298-B517-13E1D0AE006C}.Debug|Any CPU.Build.0 = Debug|Any CPU
		{48FA1036-A484-4298-B517-13E1D0AE006C}.Release|Any CPU.ActiveCfg = Release|Any CPU
		{48FA1036-A484-4298-B517-13E1D0AE006C}.Release|Any CPU.Build.0 = Release|Any CPU
	EndGlobalSection
	GlobalSection(SolutionProperties) = preSolution
		HideSolutionNode = FALSE
	EndGlobalSection
	GlobalSection(ExtensibilityGlobals) = postSolution
		SolutionGuid = {912602DB-7D7E-4F45-A5F4-DA506F4C5FAA}
	EndGlobalSection
EndGlobal
